
Microsoft Visual Studio Solution File, Format Version 12.00
# Visual Studio Version 17
VisualStudioVersion = 17.9.34701.34
MinimumVisualStudioVersion = 10.0.40219.1
Project("{FAE04EC0-301F-11D3-BF4B-00C04F79EFBC}") = "introASP", "introASP\introASP.csproj", "{6690B681-3FA3-4136-AADD-AC6CABAFA090}"
EndProject
Global
	GlobalSection(SolutionConfigurationPlatforms) = preSolution
		Debug|Any CPU = Debug|Any CPU
		Release|Any CPU = Release|Any CPU
	EndGlobalSection
	GlobalSection(ProjectConfigurationPlatforms) = postSolution
		{6690B681-3FA3-4136-AADD-AC6CABAFA090}.Debug|Any CPU.ActiveCfg = Debug|Any CPU
		{6690B681-3FA3-4136-AADD-AC6CABAFA090}.Debug|Any CPU.Build.0 = Debug|Any CPU
		{6690B681-3FA3-4136-AADD-AC6CABAFA090}.Release|Any CPU.ActiveCfg = Release|Any CPU
		{6690B681-3FA3-4136-AADD-AC6CABAFA090}.Release|Any CPU.Build.0 = Release|Any CPU
	EndGlobalSection
	GlobalSection(SolutionProperties) = preSolution
		HideSolutionNode = FALSE
	EndGlobalSection
	GlobalSection(ExtensibilityGlobals) = postSolution
		SolutionGuid = {FDCFDC19-B55C-4D94-94DD-90DEB422AA70}
	EndGlobalSection
EndGlobal
